
Microsoft Visual Studio Solution File, Format Version 12.00
# Visual Studio Version 16
VisualStudioVersion = 16.0.28803.352
MinimumVisualStudioVersion = 10.0.40219.1
Project("{9A19103F-16F7-4668-BE54-9A1E7A4F7556}") = "Kasuken.StreamTools.Web", "Kasuken.StreamTools.Web\Kasuken.StreamTools.Web.csproj", "{92F39E34-37A8-4BEE-9824-278958EE9370}"
EndProject
Project("{FAE04EC0-301F-11D3-BF4B-00C04F79EFBC}") = "Kasuken.StreamTools.CountDownConsole", "Kasuken.StreamTools.CountDownConsole\Kasuken.StreamTools.CountDownConsole.csproj", "{6274BA1A-609C-40B4-A36B-043ADBABA9DC}"
EndProject
Global
	GlobalSection(SolutionConfigurationPlatforms) = preSolution
		Debug|Any CPU = Debug|Any CPU
		Release|Any CPU = Release|Any CPU
	EndGlobalSection
	GlobalSection(ProjectConfigurationPlatforms) = postSolution
		{92F39E34-37A8-4BEE-9824-278958EE9370}.Debug|Any CPU.ActiveCfg = Debug|Any CPU
		{92F39E34-37A8-4BEE-9824-278958EE9370}.Debug|Any CPU.Build.0 = Debug|Any CPU
		{92F39E34-37A8-4BEE-9824-278958EE9370}.Release|Any CPU.ActiveCfg = Release|Any CPU
		{92F39E34-37A8-4BEE-9824-278958EE9370}.Release|Any CPU.Build.0 = Release|Any CPU
		{6274BA1A-609C-40B4-A36B-043ADBABA9DC}.Debug|Any CPU.ActiveCfg = Debug|Any CPU
		{6274BA1A-609C-40B4-A36B-043ADBABA9DC}.Debug|Any CPU.Build.0 = Debug|Any CPU
		{6274BA1A-609C-40B4-A36B-043ADBABA9DC}.Release|Any CPU.ActiveCfg = Release|Any CPU
		{6274BA1A-609C-40B4-A36B-043ADBABA9DC}.Release|Any CPU.Build.0 = Release|Any CPU
	EndGlobalSection
	GlobalSection(SolutionProperties) = preSolution
		HideSolutionNode = FALSE
	EndGlobalSection
	GlobalSection(ExtensibilityGlobals) = postSolution
		SolutionGuid = {67ECEB8C-DF52-46AA-984A-4BFA5358F822}
	EndGlobalSection
EndGlobal
